
Microsoft Visual Studio Solution File, Format Version 12.00
# Visual Studio 14
VisualStudioVersion = 14.0.25420.1
MinimumVisualStudioVersion = 10.0.40219.1
Project("{FAE04EC0-301F-11D3-BF4B-00C04F79EFBC}") = "Facturas.Presentacion", "PrototipoFacturas\Facturas.Presentacion.csproj", "{DFFAB96C-0C66-4018-8C49-CFF454720697}"
EndProject
Project("{FAE04EC0-301F-11D3-BF4B-00C04F79EFBC}") = "Facturas.Datos", "Facturas.Datos\Facturas.Datos.csproj", "{67D60615-389B-4F68-AB82-509976744FF3}"
EndProject
Project("{FAE04EC0-301F-11D3-BF4B-00C04F79EFBC}") = "Facturas.Negocio", "Facturas.Negocio\Facturas.Negocio.csproj", "{B206BB57-3944-49B9-BF99-D1B7F733CEF6}"
EndProject
Project("{FAE04EC0-301F-11D3-BF4B-00C04F79EFBC}") = "Facturas.Lector", "Facturas.Lector\Facturas.Lector.csproj", "{AC35D4FB-F6BE-4BF8-9E4B-1FFA83E5AC8F}"
EndProject
Project("{FAE04EC0-301F-11D3-BF4B-00C04F79EFBC}") = "Facturas.Dominio", "Facturas.Dominio\Facturas.Dominio.csproj", "{B198F6C6-F9E7-4660-B55C-D9E14EF194AA}"
EndProject
Global
	GlobalSection(SolutionConfigurationPlatforms) = preSolution
		Debug|Any CPU = Debug|Any CPU
		Release|Any CPU = Release|Any CPU
	EndGlobalSection
	GlobalSection(ProjectConfigurationPlatforms) = postSolution
		{DFFAB96C-0C66-4018-8C49-CFF454720697}.Debug|Any CPU.ActiveCfg = Debug|Any CPU
		{DFFAB96C-0C66-4018-8C49-CFF454720697}.Debug|Any CPU.Build.0 = Debug|Any CPU
		{DFFAB96C-0C66-4018-8C49-CFF454720697}.Release|Any CPU.ActiveCfg = Release|Any CPU
		{DFFAB96C-0C66-4018-8C49-CFF454720697}.Release|Any CPU.Build.0 = Release|Any CPU
		{67D60615-389B-4F68-AB82-509976744FF3}.Debug|Any CPU.ActiveCfg = Debug|Any CPU
		{67D60615-389B-4F68-AB82-509976744FF3}.Debug|Any CPU.Build.0 = Debug|Any CPU
		{67D60615-389B-4F68-AB82-509976744FF3}.Release|Any CPU.ActiveCfg = Release|Any CPU
		{67D60615-389B-4F68-AB82-509976744FF3}.Release|Any CPU.Build.0 = Release|Any CPU
		{B206BB57-3944-49B9-BF99-D1B7F733CEF6}.Debug|Any CPU.ActiveCfg = Debug|Any CPU
		{B206BB57-3944-49B9-BF99-D1B7F733CEF6}.Debug|Any CPU.Build.0 = Debug|Any CPU
		{B206BB57-3944-49B9-BF99-D1B7F733CEF6}.Release|Any CPU.ActiveCfg = Release|Any CPU
		{B206BB57-3944-49B9-BF99-D1B7F733CEF6}.Release|Any CPU.Build.0 = Release|Any CPU
		{AC35D4FB-F6BE-4BF8-9E4B-1FFA83E5AC8F}.Debug|Any CPU.ActiveCfg = Debug|Any CPU
		{AC35D4FB-F6BE-4BF8-9E4B-1FFA83E5AC8F}.Debug|Any CPU.Build.0 = Debug|Any CPU
		{AC35D4FB-F6BE-4BF8-9E4B-1FFA83E5AC8F}.Release|Any CPU.ActiveCfg = Release|Any CPU
		{AC35D4FB-F6BE-4BF8-9E4B-1FFA83E5AC8F}.Release|Any CPU.Build.0 = Release|Any CPU
		{B198F6C6-F9E7-4660-B55C-D9E14EF194AA}.Debug|Any CPU.ActiveCfg = Debug|Any CPU
		{B198F6C6-F9E7-4660-B55C-D9E14EF194AA}.Debug|Any CPU.Build.0 = Debug|Any CPU
		{B198F6C6-F9E7-4660-B55C-D9E14EF194AA}.Release|Any CPU.ActiveCfg = Release|Any CPU
		{B198F6C6-F9E7-4660-B55C-D9E14EF194AA}.Release|Any CPU.Build.0 = Release|Any CPU
	EndGlobalSection
	GlobalSection(SolutionProperties) = preSolution
		HideSolutionNode = FALSE
	EndGlobalSection
EndGlobal
